
Microsoft Visual Studio Solution File, Format Version 12.00
# Visual Studio Version 17
VisualStudioVersion = 17.1.32421.90
MinimumVisualStudioVersion = 10.0.40219.1
Project("{FAE04EC0-301F-11D3-BF4B-00C04F79EFBC}") = "XwaCbmEditor", "XwaCbmEditor\XwaCbmEditor.csproj", "{34C3A932-BCEF-4939-9287-795AAC8F7BF1}"
EndProject
Project("{FAE04EC0-301F-11D3-BF4B-00C04F79EFBC}") = "XwaCbmExplorer", "XwaCbmExplorer\XwaCbmExplorer.csproj", "{31C918D0-0569-42A5-ACCE-8664FE3C0437}"
EndProject
Global
	GlobalSection(SolutionConfigurationPlatforms) = preSolution
		Debug|Any CPU = Debug|Any CPU
		Release|Any CPU = Release|Any CPU
	EndGlobalSection
	GlobalSection(ProjectConfigurationPlatforms) = postSolution
		{34C3A932-BCEF-4939-9287-795AAC8F7BF1}.Debug|Any CPU.ActiveCfg = Debug|Any CPU
		{34C3A932-BCEF-4939-9287-795AAC8F7BF1}.Debug|Any CPU.Build.0 = Debug|Any CPU
		{34C3A932-BCEF-4939-9287-795AAC8F7BF1}.Release|Any CPU.ActiveCfg = Release|Any CPU
		{34C3A932-BCEF-4939-9287-795AAC8F7BF1}.Release|Any CPU.Build.0 = Release|Any CPU
		{31C918D0-0569-42A5-ACCE-8664FE3C0437}.Debug|Any CPU.ActiveCfg = Debug|Any CPU
		{31C918D0-0569-42A5-ACCE-8664FE3C0437}.Debug|Any CPU.Build.0 = Debug|Any CPU
		{31C918D0-0569-42A5-ACCE-8664FE3C0437}.Release|Any CPU.ActiveCfg = Release|Any CPU
		{31C918D0-0569-42A5-ACCE-8664FE3C0437}.Release|Any CPU.Build.0 = Release|Any CPU
	EndGlobalSection
	GlobalSection(SolutionProperties) = preSolution
		HideSolutionNode = FALSE
	EndGlobalSection
	GlobalSection(ExtensibilityGlobals) = postSolution
		SolutionGuid = {50F8BA7D-E164-4E62-8DE9-27FD27C4A4E8}
	EndGlobalSection
EndGlobal
